
Microsoft Visual Studio Solution File, Format Version 12.00
# Visual Studio Version 17
VisualStudioVersion = 17.0.31903.59
MinimumVisualStudioVersion = 10.0.40219.1
Project("{FAE04EC0-301F-11D3-BF4B-00C04F79EFBC}") = "JobSchedule", "JobSchedule\JobSchedule.csproj", "{951E8B57-7D10-4D93-A573-464A718167AD}"
EndProject
Project("{FAE04EC0-301F-11D3-BF4B-00C04F79EFBC}") = "Algo", "Algo\Algo.csproj", "{15431327-78F3-445D-9761-6A80244A3B8D}"
EndProject
Project("{FAE04EC0-301F-11D3-BF4B-00C04F79EFBC}") = "Prim", "Prim\Prim.csproj", "{3FDB9746-EDDE-46E3-AD23-26F3DF22931E}"
EndProject
Global
	GlobalSection(SolutionConfigurationPlatforms) = preSolution
		Debug|Any CPU = Debug|Any CPU
		Release|Any CPU = Release|Any CPU
	EndGlobalSection
	GlobalSection(SolutionProperties) = preSolution
		HideSolutionNode = FALSE
	EndGlobalSection
	GlobalSection(ProjectConfigurationPlatforms) = postSolution
		{951E8B57-7D10-4D93-A573-464A718167AD}.Debug|Any CPU.ActiveCfg = Debug|Any CPU
		{951E8B57-7D10-4D93-A573-464A718167AD}.Debug|Any CPU.Build.0 = Debug|Any CPU
		{951E8B57-7D10-4D93-A573-464A718167AD}.Release|Any CPU.ActiveCfg = Release|Any CPU
		{951E8B57-7D10-4D93-A573-464A718167AD}.Release|Any CPU.Build.0 = Release|Any CPU
		{15431327-78F3-445D-9761-6A80244A3B8D}.Debug|Any CPU.ActiveCfg = Debug|Any CPU
		{15431327-78F3-445D-9761-6A80244A3B8D}.Debug|Any CPU.Build.0 = Debug|Any CPU
		{15431327-78F3-445D-9761-6A80244A3B8D}.Release|Any CPU.ActiveCfg = Release|Any CPU
		{15431327-78F3-445D-9761-6A80244A3B8D}.Release|Any CPU.Build.0 = Release|Any CPU
		{3FDB9746-EDDE-46E3-AD23-26F3DF22931E}.Debug|Any CPU.ActiveCfg = Debug|Any CPU
		{3FDB9746-EDDE-46E3-AD23-26F3DF22931E}.Debug|Any CPU.Build.0 = Debug|Any CPU
		{3FDB9746-EDDE-46E3-AD23-26F3DF22931E}.Release|Any CPU.ActiveCfg = Release|Any CPU
		{3FDB9746-EDDE-46E3-AD23-26F3DF22931E}.Release|Any CPU.Build.0 = Release|Any CPU
	EndGlobalSection
EndGlobal
